{
  "name": "test",
  "version": "1.0.0",
  "lockfileVersion": 1,
  "requires": true,
  "dependencies": {
    "camel-case": {
      "version": "3.0.0",
      "resolved": "https://registry.npmjs.org/camel-case/-/camel-case-3.0.0.tgz",
      "integrity": "sha1-yjw2iKTpzzpM2nd9xNy8cTJJz3M=",
      "requires": {
        "no-case": "2.3.2",
        "upper-case": "1.1.3"
      }
    },
    "debug": {
      "version": "2.6.9",
      "resolved": "https://registry.npmjs.org/debug/-/debug-2.6.9.tgz",
      "integrity": "sha512-bC7ElrdJaJnPbAP+1EotYvqZsb3ecl5wi6Bfi6BJTUcNowp6cvspg0jXznRTKDjm/E7AdgFBVeAPVMNcKGsHMA==",
      "requires": {
        "ms": "2.0.0"
      }
    },
    "encoding": {
      "version": "0.1.12",
      "resolved": "https://registry.npmjs.org/encoding/-/encoding-0.1.12.tgz",
      "integrity": "sha1-U4tm8+5izRq1HsMjgp0flIDHS+s=",
      "requires": {
        "iconv-lite": "0.4.19"
      }
    },
    "iconv-lite": {
      "version": "0.4.19",
      "resolved": "https://registry.npmjs.org/iconv-lite/-/iconv-lite-0.4.19.tgz",
      "integrity": "sha512-oTZqweIP51xaGPI4uPa56/Pri/480R+mo7SeU+YETByQNhDG55ycFyNLIgta9vXhILrxXDmF7ZGhqZIcuN0gJQ=="
    },
    "is-stream": {
      "version": "1.1.0",
      "resolved": "https://registry.npmjs.org/is-stream/-/is-stream-1.1.0.tgz",
      "integrity": "sha1-EtSj3U5o4Lec6428hBc66A2RykQ="
    },
    "isomorphic-fetch": {
      "version": "2.2.1",
      "resolved": "https://registry.npmjs.org/isomorphic-fetch/-/isomorphic-fetch-2.2.1.tgz",
      "integrity": "sha1-YRrhrPFPXoH3KVB0coGf6XM1WKk=",
      "requires": {
        "node-fetch": "1.7.3",
        "whatwg-fetch": "2.0.3"
      }
    },
    "jsonp": {
      "version": "0.2.1",
      "resolved": "https://registry.npmjs.org/jsonp/-/jsonp-0.2.1.tgz",
      "integrity": "sha1-pltPoPEL2nGaBUQep7lMVfPhW64=",
      "requires": {
        "debug": "2.6.9"
      }
    },
    "lodash._basecallback": {
      "version": "3.3.1",
      "resolved": "https://registry.npmjs.org/lodash._basecallback/-/lodash._basecallback-3.3.1.tgz",
      "integrity": "sha1-t7K7Q9whYEJKIczybFfkQ3cqjic=",
      "requires": {
        "lodash._baseisequal": "3.0.7",
        "lodash._bindcallback": "3.0.1",
        "lodash.isarray": "3.0.4",
        "lodash.pairs": "3.0.1"
      }
    },
    "lodash._baseeach": {
      "version": "3.0.4",
      "resolved": "https://registry.npmjs.org/lodash._baseeach/-/lodash._baseeach-3.0.4.tgz",
      "integrity": "sha1-z4cGVyyhROjZ11InyZDamC+TKvM=",
      "requires": {
        "lodash.keys": "3.1.2"
      }
    },
    "lodash._basefind": {
      "version": "3.0.0",
      "resolved": "https://registry.npmjs.org/lodash._basefind/-/lodash._basefind-3.0.0.tgz",
      "integrity": "sha1-srugXMZF+XLeLPkl+iv2Og9gyK4="
    },
    "lodash._basefindindex": {
      "version": "3.6.0",
      "resolved": "https://registry.npmjs.org/lodash._basefindindex/-/lodash._basefindindex-3.6.0.tgz",
      "integrity": "sha1-8IM2ChsCJBjtgbyJm+sxLiHnSk8="
    },
    "lodash._baseflatten": {
      "version": "3.1.4",
      "resolved": "https://registry.npmjs.org/lodash._baseflatten/-/lodash._baseflatten-3.1.4.tgz",
      "integrity": "sha1-B3D/gBMa9uNPO1EXlqe6UhTmX/c=",
      "requires": {
        "lodash.isarguments": "3.1.0",
        "lodash.isarray": "3.0.4"
      }
    },
    "lodash._basefor": {
      "version": "3.0.3",
      "resolved": "https://registry.npmjs.org/lodash._basefor/-/lodash._basefor-3.0.3.tgz",
      "integrity": "sha1-dVC06SGO8J+tJDQ7YSAhx5tMIMI="
    },
    "lodash._baseisequal": {
      "version": "3.0.7",
      "resolved": "https://registry.npmjs.org/lodash._baseisequal/-/lodash._baseisequal-3.0.7.tgz",
      "integrity": "sha1-2AJfdjOdKTQnZ9zIh85cuVpbUfE=",
      "requires": {
        "lodash.isarray": "3.0.4",
        "lodash.istypedarray": "3.0.6",
        "lodash.keys": "3.1.2"
      }
    },
    "lodash._baseismatch": {
      "version": "3.1.3",
      "resolved": "https://registry.npmjs.org/lodash._baseismatch/-/lodash._baseismatch-3.1.3.tgz",
      "integrity": "sha1-Byj8SO+hFpnT1fLXMEnyqxPED9U=",
      "requires": {
        "lodash._baseisequal": "3.0.7"
      }
    },
    "lodash._basematches": {
      "version": "3.2.0",
      "resolved": "https://registry.npmjs.org/lodash._basematches/-/lodash._basematches-3.2.0.tgz",
      "integrity": "sha1-9H4D8H7CB4SrCWjQy2y1l+IQEVg=",
      "requires": {
        "lodash._baseismatch": "3.1.3",
        "lodash.pairs": "3.0.1"
      }
    },
    "lodash._bindcallback": {
      "version": "3.0.1",
      "resolved": "https://registry.npmjs.org/lodash._bindcallback/-/lodash._bindcallback-3.0.1.tgz",
      "integrity": "sha1-5THCdkTPi1epnhftlbNcdIeJOS4="
    },
    "lodash._createaggregator": {
      "version": "3.0.0",
      "resolved": "https://registry.npmjs.org/lodash._createaggregator/-/lodash._createaggregator-3.0.0.tgz",
      "integrity": "sha1-1my/OZSbBQ2H31NGHw0FnfsI3J8=",
      "requires": {
        "lodash._basecallback": "3.3.1",
        "lodash._baseeach": "3.0.4",
        "lodash.isarray": "3.0.4"
      }
    },
    "lodash._getnative": {
      "version": "3.9.1",
      "resolved": "https://registry.npmjs.org/lodash._getnative/-/lodash._getnative-3.9.1.tgz",
      "integrity": "sha1-VwvH3t5G1hzc3mh9ZdPuy6o6r/U="
    },
    "lodash._isiterateecall": {
      "version": "3.0.9",
      "resolved": "https://registry.npmjs.org/lodash._isiterateecall/-/lodash._isiterateecall-3.0.9.tgz",
      "integrity": "sha1-UgOte6Ql+uhCRg5pbbnPPmqsBXw="
    },
    "lodash._pickbyarray": {
      "version": "3.0.2",
      "resolved": "https://registry.npmjs.org/lodash._pickbyarray/-/lodash._pickbyarray-3.0.2.tgz",
      "integrity": "sha1-H4mNlgfrVgsOFnOEt3x8bRCKpMU="
    },
    "lodash._pickbycallback": {
      "version": "3.0.0",
      "resolved": "https://registry.npmjs.org/lodash._pickbycallback/-/lodash._pickbycallback-3.0.0.tgz",
      "integrity": "sha1-/2G5oBens699MObFPeKK+hm4dQo=",
      "requires": {
        "lodash._basefor": "3.0.3",
        "lodash.keysin": "3.0.8"
      }
    },
    "lodash.find": {
      "version": "3.2.1",
      "resolved": "https://registry.npmjs.org/lodash.find/-/lodash.find-3.2.1.tgz",
      "integrity": "sha1-BG4xnzrOkSrGySRsf2g8XsB7Nq0=",
      "requires": {
        "lodash._basecallback": "3.3.1",
        "lodash._baseeach": "3.0.4",
        "lodash._basefind": "3.0.0",
        "lodash._basefindindex": "3.6.0",
        "lodash.isarray": "3.0.4",
        "lodash.keys": "3.1.2"
      }
    },
    "lodash.findwhere": {
      "version": "3.1.0",
      "resolved": "https://registry.npmjs.org/lodash.findwhere/-/lodash.findwhere-3.1.0.tgz",
      "integrity": "sha1-eTfTTz6sgY3sf6lOjKXib9uhz8E=",
      "requires": {
        "lodash._basematches": "3.2.0",
        "lodash.find": "3.2.1"
      }
    },
    "lodash.get": {
      "version": "4.4.2",
      "resolved": "https://registry.npmjs.org/lodash.get/-/lodash.get-4.4.2.tgz",
      "integrity": "sha1-LRd/ZS+jHpObRDjVNBSZ36OCXpk="
    },
    "lodash.indexby": {
      "version": "3.1.1",
      "resolved": "https://registry.npmjs.org/lodash.indexby/-/lodash.indexby-3.1.1.tgz",
      "integrity": "sha1-8sqrD/J5g3hYFHcw2GPN2AwcBC4=",
      "requires": {
        "lodash._createaggregator": "3.0.0",
        "lodash.keys": "3.1.2"
      }
    },
    "lodash.invert": {
      "version": "3.0.1",
      "resolved": "https://registry.npmjs.org/lodash.invert/-/lodash.invert-3.0.1.tgz",
      "integrity": "sha1-1j9mMhAkGDCLzn0QPUuaBA7/X1s=",
      "requires": {
        "lodash._isiterateecall": "3.0.9",
        "lodash.keys": "3.1.2"
      }
    },
    "lodash.isarguments": {
      "version": "3.1.0",
      "resolved": "https://registry.npmjs.org/lodash.isarguments/-/lodash.isarguments-3.1.0.tgz",
      "integrity": "sha1-L1c9hcaiQon/AGY7SRwdM4/zRYo="
    },
    "lodash.isarray": {
      "version": "3.0.4",
      "resolved": "https://registry.npmjs.org/lodash.isarray/-/lodash.isarray-3.0.4.tgz",
      "integrity": "sha1-eeTriMNqgSKvhvhEqpvNhRtfu1U="
    },
    "lodash.istypedarray": {
      "version": "3.0.6",
      "resolved": "https://registry.npmjs.org/lodash.istypedarray/-/lodash.istypedarray-3.0.6.tgz",
      "integrity": "sha1-yaR3SYYHUB2OhJTSg7h8OSgc72I="
    },
    "lodash.keys": {
      "version": "3.1.2",
      "resolved": "https://registry.npmjs.org/lodash.keys/-/lodash.keys-3.1.2.tgz",
      "integrity": "sha1-TbwEcrFWvlCgsoaFXRvQsMZWCYo=",
      "requires": {
        "lodash._getnative": "3.9.1",
        "lodash.isarguments": "3.1.0",
        "lodash.isarray": "3.0.4"
      }
    },
    "lodash.keysin": {
      "version": "3.0.8",
      "resolved": "https://registry.npmjs.org/lodash.keysin/-/lodash.keysin-3.0.8.tgz",
      "integrity": "sha1-IsRJPrvtsUJ5YqVLRFssinZ/tH8=",
      "requires": {
        "lodash.isarguments": "3.1.0",
        "lodash.isarray": "3.0.4"
      }
    },
    "lodash.mapkeys": {
      "version": "3.8.0",
      "resolved": "https://registry.npmjs.org/lodash.mapkeys/-/lodash.mapkeys-3.8.0.tgz",
      "integrity": "sha1-T+i+wYwYsFIKF4svz1l5S1VI64Q=",
      "requires": {
        "lodash._basecallback": "3.3.1",
        "lodash._basefor": "3.0.3",
        "lodash.keys": "3.1.2"
      }
    },
    "lodash.pairs": {
      "version": "3.0.1",
      "resolved": "https://registry.npmjs.org/lodash.pairs/-/lodash.pairs-3.0.1.tgz",
      "integrity": "sha1-u+CNV4bu6qCaFckevw3LfSvjJqk=",
      "requires": {
        "lodash.keys": "3.1.2"
      }
    },
    "lodash.pick": {
      "version": "3.1.0",
      "resolved": "https://registry.npmjs.org/lodash.pick/-/lodash.pick-3.1.0.tgz",
      "integrity": "sha1-8lKoVbIEa2G805BLJvdr0u/GVVA=",
      "requires": {
        "lodash._baseflatten": "3.1.4",
        "lodash._bindcallback": "3.0.1",
        "lodash._pickbyarray": "3.0.2",
        "lodash._pickbycallback": "3.0.0",
        "lodash.restparam": "3.6.1"
      }
    },
    "lodash.restparam": {
      "version": "3.6.1",
      "resolved": "https://registry.npmjs.org/lodash.restparam/-/lodash.restparam-3.6.1.tgz",
      "integrity": "sha1-k2pOMJ7zMKdkXtQUWYbIWuWyCAU="
    },
    "lower-case": {
      "version": "1.1.4",
      "resolved": "https://registry.npmjs.org/lower-case/-/lower-case-1.1.4.tgz",
      "integrity": "sha1-miyr0bno4K6ZOkv31YdcOcQujqw="
    },
    "minimist": {
      "version": "1.2.0",
      "resolved": "https://registry.npmjs.org/minimist/-/minimist-1.2.0.tgz",
      "integrity": "sha1-o1AIsg9BOD7sH7kU9M1d95omQoQ="
    },
    "ms": {
      "version": "2.0.0",
      "resolved": "https://registry.npmjs.org/ms/-/ms-2.0.0.tgz",
      "integrity": "sha1-VgiurfwAvmwpAd9fmGF4jeDVl8g="
    },
    "nba": {
      "version": "4.0.1",
      "resolved": "https://registry.npmjs.org/nba/-/nba-4.0.1.tgz",
      "integrity": "sha512-mSUr5NlCR51hAG86hBh7xIAhaLyDRKTHE3lZz7XmtHd4ey/shEXsA6hw1pOnbZbInWT98NrN0mm5eRdgM/JtcA==",
      "requires": {
        "camel-case": "3.0.0",
        "debug": "2.6.9",
        "isomorphic-fetch": "2.2.1",
        "jsonp": "0.2.1",
        "lodash.find": "3.2.1",
        "lodash.findwhere": "3.1.0",
        "lodash.get": "4.4.2",
        "lodash.indexby": "3.1.1",
        "lodash.invert": "3.0.1",
        "lodash.mapkeys": "3.8.0",
        "lodash.pick": "3.1.0",
        "minimist": "1.2.0",
        "nba-client-template": "3.4.0",
        "node-fetch": "1.7.3",
        "pify": "2.3.0"
      }
    },
    "nba-client-template": {
      "version": "3.4.0",
      "resolved": "https://registry.npmjs.org/nba-client-template/-/nba-client-template-3.4.0.tgz",
      "integrity": "sha512-z1Vs5I1Hem3N3cWaNMZGuxJvgkJXogCx73d2G17W3ccatVi9doqfINYb7AN93oSzAacpja+g8blKE1M7YxEEMw=="
    },
    "no-case": {
      "version": "2.3.2",
      "resolved": "https://registry.npmjs.org/no-case/-/no-case-2.3.2.tgz",
      "integrity": "sha512-rmTZ9kz+f3rCvK2TD1Ue/oZlns7OGoIWP4fc3llxxRXlOkHKoWPPWJOfFYpITabSow43QJbRIoHQXtt10VldyQ==",
      "requires": {
        "lower-case": "1.1.4"
      }
    },
    "node-fetch": {
      "version": "1.7.3",
      "resolved": "https://registry.npmjs.org/node-fetch/-/node-fetch-1.7.3.tgz",
      "integrity": "sha512-NhZ4CsKx7cYm2vSrBAr2PvFOe6sWDf0UYLRqA6svUYg7+/TSfVAu49jYC4BvQ4Sms9SZgdqGBgroqfDhJdTyKQ==",
      "requires": {
        "encoding": "0.1.12",
        "is-stream": "1.1.0"
      }
    },
    "pify": {
      "version": "2.3.0",
      "resolved": "https://registry.npmjs.org/pify/-/pify-2.3.0.tgz",
      "integrity": "sha1-7RQaasBDqEnqWISY59yosVMw6Qw="
    },
    "upper-case": {
      "version": "1.1.3",
      "resolved": "https://registry.npmjs.org/upper-case/-/upper-case-1.1.3.tgz",
      "integrity": "sha1-9rRQHC7EzdJrp4vnIilh3ndiFZg="
    },
    "whatwg-fetch": {
      "version": "2.0.3",
      "resolved": "https://registry.npmjs.org/whatwg-fetch/-/whatwg-fetch-2.0.3.tgz",
      "integrity": "sha1-nITsLc9oGH/wC8ZOEnS0QhduHIQ="
    }
  }
}
